int main()
{
    printf();
    return ;
}
print("\n\t\t\t");
print("\n\t\t\t");
printf("library system");
printf("\n\t\t\t");
printf("welcome Mr: Miano munyi!\n\t\t\t");
printf("\n");
printf("\n");
printf("\n");
printf("\n");
printf("\n");
printf("MENU\n");
printf("search book\n");
printf("add book\n");
printf("edit book\n");
printf("delete book\n");
printf("download book\n");
prnt f("edit book\n");
printf("exit/n")#include <stdio.h>
#include <stdlib.h>


